
Microsoft Visual Studio Solution File, Format Version 12.00
# Visual Studio Version 16
VisualStudioVersion = 16.0.30907.101
MinimumVisualStudioVersion = 10.0.40219.1
Project("{9A19103F-16F7-4668-BE54-9A1E7A4F7556}") = "RPGHelper", "RPGHelper\RPGHelper.csproj", "{B09C5C8C-E97D-413E-9D4E-BE34AC065B6C}"
EndProject
Global
	GlobalSection(SolutionConfigurationPlatforms) = preSolution
		Debug|Any CPU = Debug|Any CPU
		Release|Any CPU = Release|Any CPU
	EndGlobalSection
	GlobalSection(ProjectConfigurationPlatforms) = postSolution
		{B09C5C8C-E97D-413E-9D4E-BE34AC065B6C}.Debug|Any CPU.ActiveCfg = Debug|Any CPU
		{B09C5C8C-E97D-413E-9D4E-BE34AC065B6C}.Debug|Any CPU.Build.0 = Debug|Any CPU
		{B09C5C8C-E97D-413E-9D4E-BE34AC065B6C}.Release|Any CPU.ActiveCfg = Release|Any CPU
		{B09C5C8C-E97D-413E-9D4E-BE34AC065B6C}.Release|Any CPU.Build.0 = Release|Any CPU
	EndGlobalSection
	GlobalSection(SolutionProperties) = preSolution
		HideSolutionNode = FALSE
	EndGlobalSection
	GlobalSection(ExtensibilityGlobals) = postSolution
		SolutionGuid = {192B7140-DD47-4A30-9CD6-F2D7DD983411}
	EndGlobalSection
EndGlobal
